
Microsoft Visual Studio Solution File, Format Version 12.00
# Visual Studio Version 16
VisualStudioVersion = 16.0.31624.102
MinimumVisualStudioVersion = 10.0.40219.1
Project("{FAE04EC0-301F-11D3-BF4B-00C04F79EFBC}") = "Lab3_ThucHanh", "Lab3_ThucHanh\Lab3_ThucHanh.csproj", "{C583EA49-8281-49A4-BC51-84149BA1677C}"
EndProject
Global
	GlobalSection(SolutionConfigurationPlatforms) = preSolution
		Debug|Any CPU = Debug|Any CPU
		Release|Any CPU = Release|Any CPU
	EndGlobalSection
	GlobalSection(ProjectConfigurationPlatforms) = postSolution
		{C583EA49-8281-49A4-BC51-84149BA1677C}.Debug|Any CPU.ActiveCfg = Debug|Any CPU
		{C583EA49-8281-49A4-BC51-84149BA1677C}.Debug|Any CPU.Build.0 = Debug|Any CPU
		{C583EA49-8281-49A4-BC51-84149BA1677C}.Release|Any CPU.ActiveCfg = Release|Any CPU
		{C583EA49-8281-49A4-BC51-84149BA1677C}.Release|Any CPU.Build.0 = Release|Any CPU
	EndGlobalSection
	GlobalSection(SolutionProperties) = preSolution
		HideSolutionNode = FALSE
	EndGlobalSection
	GlobalSection(ExtensibilityGlobals) = postSolution
		SolutionGuid = {8DA95F03-F073-45F5-A139-84BD1226FAA6}
	EndGlobalSection
EndGlobal
